// !$*UTF8*$!
{
	archiveVersion = 1;
	classes = {
	};
	objectVersion = 48;
	objects = {

/* Begin PBXBuildFile section */
		A230CF6820303C7B00A0FBF1 /* AppDelegate.swift in Sources */ = {isa = PBXBuildFile; fileRef = A230CF6720303C7B00A0FBF1 /* AppDelegate.swift */; };
		A230CF6A20303C7B00A0FBF1 /* ViewController.swift in Sources */ = {isa = PBXBuildFile; fileRef = A230CF6920303C7B00A0FBF1 /* ViewController.swift */; };
		A230CF6D20303C7B00A0FBF1 /* Main.storyboard in Resources */ = {isa = PBXBuildFile; fileRef = A230CF6B20303C7B00A0FBF1 /* Main.storyboard */; };
		A230CF6F20303C7B00A0FBF1 /* Assets.xcassets in Resources */ = {isa = PBXBuildFile; fileRef = A230CF6E20303C7B00A0FBF1 /* Assets.xcassets */; };
		A230CF7220303C7B00A0FBF1 /* LaunchScreen.storyboard in Resources */ = {isa = PBXBuildFile; fileRef = A230CF7020303C7B00A0FBF1 /* LaunchScreen.storyboard */; };
		A230CF7720303C7B00A0FBF1 /* randaamOnWatch WatchKit App.app in Embed Watch Content */ = {isa = PBXBuildFile; fileRef = A230CF7620303C7B00A0FBF1 /* randaamOnWatch WatchKit App.app */; };
		A230CF7D20303C7B00A0FBF1 /* Interface.storyboard in Resources */ = {isa = PBXBuildFile; fileRef = A230CF7B20303C7B00A0FBF1 /* Interface.storyboard */; };
		A230CF7F20303C7B00A0FBF1 /* Assets.xcassets in Resources */ = {isa = PBXBuildFile; fileRef = A230CF7E20303C7B00A0FBF1 /* Assets.xcassets */; };
		A230CF8620303C7B00A0FBF1 /* randaamOnWatch WatchKit Extension.appex in Embed App Extensions */ = {isa = PBXBuildFile; fileRef = A230CF8520303C7B00A0FBF1 /* randaamOnWatch WatchKit Extension.appex */; settings = {ATTRIBUTES = (RemoveHeadersOnCopy, ); }; };
		A230CF8B20303C7B00A0FBF1 /* InterfaceController.swift in Sources */ = {isa = PBXBuildFile; fileRef = A230CF8A20303C7B00A0FBF1 /* InterfaceController.swift */; };
		A230CF8D20303C7B00A0FBF1 /* ExtensionDelegate.swift in Sources */ = {isa = PBXBuildFile; fileRef = A230CF8C20303C7B00A0FBF1 /* ExtensionDelegate.swift */; };
		A230CF8F20303C7B00A0FBF1 /* NotificationController.swift in Sources */ = {isa = PBXBuildFile; fileRef = A230CF8E20303C7B00A0FBF1 /* NotificationController.swift */; };
		A230CF9120303C7B00A0FBF1 /* Assets.xcassets in Resources */ = {isa = PBXBuildFile; fileRef = A230CF9020303C7B00A0FBF1 /* Assets.xcassets */; };
/* End PBXBuildFile section */

/* Begin PBXContainerItemProxy section */
		A230CF7820303C7B00A0FBF1 /* PBXContainerItemProxy */ = {
			isa = PBXContainerItemProxy;
			containerPortal = A230CF5C20303C7B00A0FBF1 /* Project object */;
			proxyType = 1;
			remoteGlobalIDString = A230CF7520303C7B00A0FBF1;
			remoteInfo = "randaamOnWatch WatchKit App";
		};
		A230CF8720303C7B00A0FBF1 /* PBXContainerItemProxy */ = {
			isa = PBXContainerItemProxy;
			containerPortal = A230CF5C20303C7B00A0FBF1 /* Project object */;
			proxyType = 1;
			remoteGlobalIDString = A230CF8420303C7B00A0FBF1;
			remoteInfo = "randaamOnWatch WatchKit Extension";
		};
/* End PBXContainerItemProxy section */

/* Begin PBXCopyFilesBuildPhase section */
		A230CF9920303C7B00A0FBF1 /* Embed App Extensions */ = {
			isa = PBXCopyFilesBuildPhase;
			buildActionMask = 2147483647;
			dstPath = "";
			dstSubfolderSpec = 13;
			files = (
				A230CF8620303C7B00A0FBF1 /* randaamOnWatch WatchKit Extension.appex in Embed App Extensions */,
			);
			name = "Embed App Extensions";
			runOnlyForDeploymentPostprocessing = 0;
		};
		A230CF9D20303C7B00A0FBF1 /* Embed Watch Content */ = {
			isa = PBXCopyFilesBuildPhase;
			buildActionMask = 2147483647;
			dstPath = "$(CONTENTS_FOLDER_PATH)/Watch";
			dstSubfolderSpec = 16;
			files = (
				A230CF7720303C7B00A0FBF1 /* randaamOnWatch WatchKit App.app in Embed Watch Content */,
			);
			name = "Embed Watch Content";
			runOnlyForDeploymentPostprocessing = 0;
		};
/* End PBXCopyFilesBuildPhase section */

/* Begin PBXFileReference section */
		A230CF6420303C7B00A0FBF1 /* randaamOnWatch.app */ = {isa = PBXFileReference; explicitFileType = wrapper.application; includeInIndex = 0; path = randaamOnWatch.app; sourceTree = BUILT_PRODUCTS_DIR; };
		A230CF6720303C7B00A0FBF1 /* AppDelegate.swift */ = {isa = PBXFileReference; lastKnownFileType = sourcecode.swift; path = AppDelegate.swift; sourceTree = "<group>"; };
		A230CF6920303C7B00A0FBF1 /* ViewController.swift */ = {isa = PBXFileReference; lastKnownFileType = sourcecode.swift; path = ViewController.swift; sourceTree = "<group>"; };
		A230CF6C20303C7B00A0FBF1 /* Base */ = {isa = PBXFileReference; lastKnownFileType = file.storyboard; name = Base; path = Base.lproj/Main.storyboard; sourceTree = "<group>"; };
		A230CF6E20303C7B00A0FBF1 /* Assets.xcassets */ = {isa = PBXFileReference; lastKnownFileType = folder.assetcatalog; path = Assets.xcassets; sourceTree = "<group>"; };
		A230CF7120303C7B00A0FBF1 /* Base */ = {isa = PBXFileReference; lastKnownFileType = file.storyboard; name = Base; path = Base.lproj/LaunchScreen.storyboard; sourceTree = "<group>"; };
		A230CF7320303C7B00A0FBF1 /* Info.plist */ = {isa = PBXFileReference; lastKnownFileType = text.plist.xml; path = Info.plist; sourceTree = "<group>"; };
		A230CF7620303C7B00A0FBF1 /* randaamOnWatch WatchKit App.app */ = {isa = PBXFileReference; explicitFileType = wrapper.application; includeInIndex = 0; path = "randaamOnWatch WatchKit App.app"; sourceTree = BUILT_PRODUCTS_DIR; };
		A230CF7C20303C7B00A0FBF1 /* Base */ = {isa = PBXFileReference; lastKnownFileType = file.storyboard; name = Base; path = Base.lproj/Interface.storyboard; sourceTree = "<group>"; };
		A230CF7E20303C7B00A0FBF1 /* Assets.xcassets */ = {isa = PBXFileReference; lastKnownFileType = folder.assetcatalog; path = Assets.xcassets; sourceTree = "<group>"; };
		A230CF8020303C7B00A0FBF1 /* Info.plist */ = {isa = PBXFileReference; lastKnownFileType = text.plist.xml; path = Info.plist; sourceTree = "<group>"; };
		A230CF8520303C7B00A0FBF1 /* randaamOnWatch WatchKit Extension.appex */ = {isa = PBXFileReference; explicitFileType = "wrapper.app-extension"; includeInIndex = 0; path = "randaamOnWatch WatchKit Extension.appex"; sourceTree = BUILT_PRODUCTS_DIR; };
		A230CF8A20303C7B00A0FBF1 /* InterfaceController.swift */ = {isa = PBXFileReference; lastKnownFileType = sourcecode.swift; path = InterfaceController.swift; sourceTree = "<group>"; };
		A230CF8C20303C7B00A0FBF1 /* ExtensionDelegate.swift */ = {isa = PBXFileReference; lastKnownFileType = sourcecode.swift; path = ExtensionDelegate.swift; sourceTree = "<group>"; };
		A230CF8E20303C7B00A0FBF1 /* NotificationController.swift */ = {isa = PBXFileReference; lastKnownFileType = sourcecode.swift; path = NotificationController.swift; sourceTree = "<group>"; };
		A230CF9020303C7B00A0FBF1 /* Assets.xcassets */ = {isa = PBXFileReference; lastKnownFileType = folder.assetcatalog; path = Assets.xcassets; sourceTree = "<group>"; };
		A230CF9220303C7B00A0FBF1 /* Info.plist */ = {isa = PBXFileReference; lastKnownFileType = text.plist.xml; path = Info.plist; sourceTree = "<group>"; };
		A230CF9320303C7B00A0FBF1 /* PushNotificationPayload.apns */ = {isa = PBXFileReference; lastKnownFileType = text; path = PushNotificationPayload.apns; sourceTree = "<group>"; };
/* End PBXFileReference section */

/* Begin PBXFrameworksBuildPhase section */
		A230CF6120303C7B00A0FBF1 /* Frameworks */ = {
			isa = PBXFrameworksBuildPhase;
			buildActionMask = 2147483647;
			files = (
			);
			runOnlyForDeploymentPostprocessing = 0;
		};
		A230CF8220303C7B00A0FBF1 /* Frameworks */ = {
			isa = PBXFrameworksBuildPhase;
			buildActionMask = 2147483647;
			files = (
			);
			runOnlyForDeploymentPostprocessing = 0;
		};
/* End PBXFrameworksBuildPhase section */

/* Begin PBXGroup section */
		A230CF5B20303C7B00A0FBF1 = {
			isa = PBXGroup;
			children = (
				A230CF6620303C7B00A0FBF1 /* randaamOnWatch */,
				A230CF7A20303C7B00A0FBF1 /* randaamOnWatch WatchKit App */,
				A230CF8920303C7B00A0FBF1 /* randaamOnWatch WatchKit Extension */,
				A230CF6520303C7B00A0FBF1 /* Products */,
			);
			sourceTree = "<group>";
		};
		A230CF6520303C7B00A0FBF1 /* Products */ = {
			isa = PBXGroup;
			children = (
				A230CF6420303C7B00A0FBF1 /* randaamOnWatch.app */,
				A230CF7620303C7B00A0FBF1 /* randaamOnWatch WatchKit App.app */,
				A230CF8520303C7B00A0FBF1 /* randaamOnWatch WatchKit Extension.appex */,
			);
			name = Products;
			sourceTree = "<group>";
		};
		A230CF6620303C7B00A0FBF1 /* randaamOnWatch */ = {
			isa = PBXGroup;
			children = (
				A230CF6720303C7B00A0FBF1 /* AppDelegate.swift */,
				A230CF6920303C7B00A0FBF1 /* ViewController.swift */,
				A230CF6B20303C7B00A0FBF1 /* Main.storyboard */,
				A230CF6E20303C7B00A0FBF1 /* Assets.xcassets */,
				A230CF7020303C7B00A0FBF1 /* LaunchScreen.storyboard */,
				A230CF7320303C7B00A0FBF1 /* Info.plist */,
			);
			path = randaamOnWatch;
			sourceTree = "<group>";
		};
		A230CF7A20303C7B00A0FBF1 /* randaamOnWatch WatchKit App */ = {
			isa = PBXGroup;
			children = (
				A230CF7B20303C7B00A0FBF1 /* Interface.storyboard */,
				A230CF7E20303C7B00A0FBF1 /* Assets.xcassets */,
				A230CF8020303C7B00A0FBF1 /* Info.plist */,
			);
			path = "randaamOnWatch WatchKit App";
			sourceTree = "<group>";
		};
		A230CF8920303C7B00A0FBF1 /* randaamOnWatch WatchKit Extension */ = {
			isa = PBXGroup;
			children = (
				A230CF8A20303C7B00A0FBF1 /* InterfaceController.swift */,
				A230CF8C20303C7B00A0FBF1 /* ExtensionDelegate.swift */,
				A230CF8E20303C7B00A0FBF1 /* NotificationController.swift */,
				A230CF9020303C7B00A0FBF1 /* Assets.xcassets */,
				A230CF9220303C7B00A0FBF1 /* Info.plist */,
				A230CF9320303C7B00A0FBF1 /* PushNotificationPayload.apns */,
			);
			path = "randaamOnWatch WatchKit Extension";
			sourceTree = "<group>";
		};
/* End PBXGroup section */

/* Begin PBXNativeTarget section */
		A230CF6320303C7B00A0FBF1 /* randaamOnWatch */ = {
			isa = PBXNativeTarget;
			buildConfigurationList = A230CF9E20303C7B00A0FBF1 /* Build configuration list for PBXNativeTarget "randaamOnWatch" */;
			buildPhases = (
				A230CF6020303C7B00A0FBF1 /* Sources */,
				A230CF6120303C7B00A0FBF1 /* Frameworks */,
				A230CF6220303C7B00A0FBF1 /* Resources */,
				A230CF9D20303C7B00A0FBF1 /* Embed Watch Content */,
			);
			buildRules = (
			);
			dependencies = (
				A230CF7920303C7B00A0FBF1 /* PBXTargetDependency */,
			);
			name = randaamOnWatch;
			productName = randaamOnWatch;
			productReference = A230CF6420303C7B00A0FBF1 /* randaamOnWatch.app */;
			productType = "com.apple.product-type.application";
		};
		A230CF7520303C7B00A0FBF1 /* randaamOnWatch WatchKit App */ = {
			isa = PBXNativeTarget;
			buildConfigurationList = A230CF9A20303C7B00A0FBF1 /* Build configuration list for PBXNativeTarget "randaamOnWatch WatchKit App" */;
			buildPhases = (
				A230CF7420303C7B00A0FBF1 /* Resources */,
				A230CF9920303C7B00A0FBF1 /* Embed App Extensions */,
			);
			buildRules = (
			);
			dependencies = (
				A230CF8820303C7B00A0FBF1 /* PBXTargetDependency */,
			);
			name = "randaamOnWatch WatchKit App";
			productName = "randaamOnWatch WatchKit App";
			productReference = A230CF7620303C7B00A0FBF1 /* randaamOnWatch WatchKit App.app */;
			productType = "com.apple.product-type.application.watchapp2";
		};
		A230CF8420303C7B00A0FBF1 /* randaamOnWatch WatchKit Extension */ = {
			isa = PBXNativeTarget;
			buildConfigurationList = A230CF9620303C7B00A0FBF1 /* Build configuration list for PBXNativeTarget "randaamOnWatch WatchKit Extension" */;
			buildPhases = (
				A230CF8120303C7B00A0FBF1 /* Sources */,
				A230CF8220303C7B00A0FBF1 /* Frameworks */,
				A230CF8320303C7B00A0FBF1 /* Resources */,
			);
			buildRules = (
			);
			dependencies = (
			);
			name = "randaamOnWatch WatchKit Extension";
			productName = "randaamOnWatch WatchKit Extension";
			productReference = A230CF8520303C7B00A0FBF1 /* randaamOnWatch WatchKit Extension.appex */;
			productType = "com.apple.product-type.watchkit2-extension";
		};
/* End PBXNativeTarget section */

/* Begin PBXProject section */
		A230CF5C20303C7B00A0FBF1 /* Project object */ = {
			isa = PBXProject;
			attributes = {
				LastSwiftUpdateCheck = 0920;
				LastUpgradeCheck = 0920;
				ORGANIZATIONNAME = "Sem Pruijs";
				TargetAttributes = {
					A230CF6320303C7B00A0FBF1 = {
						CreatedOnToolsVersion = 9.2;
						ProvisioningStyle = Automatic;
					};
					A230CF7520303C7B00A0FBF1 = {
						CreatedOnToolsVersion = 9.2;
						ProvisioningStyle = Automatic;
					};
					A230CF8420303C7B00A0FBF1 = {
						CreatedOnToolsVersion = 9.2;
						ProvisioningStyle = Automatic;
					};
				};
			};
			buildConfigurationList = A230CF5F20303C7B00A0FBF1 /* Build configuration list for PBXProject "randaamOnWatch" */;
			compatibilityVersion = "Xcode 8.0";
			developmentRegion = en;
			hasScannedForEncodings = 0;
			knownRegions = (
				en,
				Base,
			);
			mainGroup = A230CF5B20303C7B00A0FBF1;
			productRefGroup = A230CF6520303C7B00A0FBF1 /* Products */;
			projectDirPath = "";
			projectRoot = "";
			targets = (
				A230CF6320303C7B00A0FBF1 /* randaamOnWatch */,
				A230CF7520303C7B00A0FBF1 /* randaamOnWatch WatchKit App */,
				A230CF8420303C7B00A0FBF1 /* randaamOnWatch WatchKit Extension */,
			);
		};
/* End PBXProject section */

/* Begin PBXResourcesBuildPhase section */
		A230CF6220303C7B00A0FBF1 /* Resources */ = {
			isa = PBXResourcesBuildPhase;
			buildActionMask = 2147483647;
			files = (
				A230CF7220303C7B00A0FBF1 /* LaunchScreen.storyboard in Resources */,
				A230CF6F20303C7B00A0FBF1 /* Assets.xcassets in Resources */,
				A230CF6D20303C7B00A0FBF1 /* Main.storyboard in Resources */,
			);
			runOnlyForDeploymentPostprocessing = 0;
		};
		A230CF7420303C7B00A0FBF1 /* Resources */ = {
			isa = PBXResourcesBuildPhase;
			buildActionMask = 2147483647;
			files = (
				A230CF7F20303C7B00A0FBF1 /* Assets.xcassets in Resources */,
				A230CF7D20303C7B00A0FBF1 /* Interface.storyboard in Resources */,
			);
			runOnlyForDeploymentPostprocessing = 0;
		};
		A230CF8320303C7B00A0FBF1 /* Resources */ = {
			isa = PBXResourcesBuildPhase;
			buildActionMask = 2147483647;
			files = (
				A230CF9120303C7B00A0FBF1 /* Assets.xcassets in Resources */,
			);
			runOnlyForDeploymentPostprocessing = 0;
		};
/* End PBXResourcesBuildPhase section */

/* Begin PBXSourcesBuildPhase section */
		A230CF6020303C7B00A0FBF1 /* Sources */ = {
			isa = PBXSourcesBuildPhase;
			buildActionMask = 2147483647;
			files = (
				A230CF6A20303C7B00A0FBF1 /* ViewController.swift in Sources */,
				A230CF6820303C7B00A0FBF1 /* AppDelegate.swift in Sources */,
			);
			runOnlyForDeploymentPostprocessing = 0;
		};
		A230CF8120303C7B00A0FBF1 /* Sources */ = {
			isa = PBXSourcesBuildPhase;
			buildActionMask = 2147483647;
			files = (
				A230CF8F20303C7B00A0FBF1 /* NotificationController.swift in Sources */,
				A230CF8D20303C7B00A0FBF1 /* ExtensionDelegate.swift in Sources */,
				A230CF8B20303C7B00A0FBF1 /* InterfaceController.swift in Sources */,
			);
			runOnlyForDeploymentPostprocessing = 0;
		};
/* End PBXSourcesBuildPhase section */

/* Begin PBXTargetDependency section */
		A230CF7920303C7B00A0FBF1 /* PBXTargetDependency */ = {
			isa = PBXTargetDependency;
			target = A230CF7520303C7B00A0FBF1 /* randaamOnWatch WatchKit App */;
			targetProxy = A230CF7820303C7B00A0FBF1 /* PBXContainerItemProxy */;
		};
		A230CF8820303C7B00A0FBF1 /* PBXTargetDependency */ = {
			isa = PBXTargetDependency;
			target = A230CF8420303C7B00A0FBF1 /* randaamOnWatch WatchKit Extension */;
			targetProxy = A230CF8720303C7B00A0FBF1 /* PBXContainerItemProxy */;
		};
/* End PBXTargetDependency section */

/* Begin PBXVariantGroup section */
		A230CF6B20303C7B00A0FBF1 /* Main.storyboard */ = {
			isa = PBXVariantGroup;
			children = (
				A230CF6C20303C7B00A0FBF1 /* Base */,
			);
			name = Main.storyboard;
			sourceTree = "<group>";
		};
		A230CF7020303C7B00A0FBF1 /* LaunchScreen.storyboard */ = {
			isa = PBXVariantGroup;
			children = (
				A230CF7120303C7B00A0FBF1 /* Base */,
			);
			name = LaunchScreen.storyboard;
			sourceTree = "<group>";
		};
		A230CF7B20303C7B00A0FBF1 /* Interface.storyboard */ = {
			isa = PBXVariantGroup;
			children = (
				A230CF7C20303C7B00A0FBF1 /* Base */,
			);
			name = Interface.storyboard;
			sourceTree = "<group>";
		};
/* End PBXVariantGroup section */

/* Begin XCBuildConfiguration section */
		A230CF9420303C7B00A0FBF1 /* Debug */ = {
			isa = XCBuildConfiguration;
			buildSettings = {
				ALWAYS_SEARCH_USER_PATHS = NO;
				CLANG_ANALYZER_NONNULL = YES;
				CLANG_ANALYZER_NUMBER_OBJECT_CONVERSION = YES_AGGRESSIVE;
				CLANG_CXX_LANGUAGE_STANDARD = "gnu++14";
				CLANG_CXX_LIBRARY = "libc++";
				CLANG_ENABLE_MODULES = YES;
				CLANG_ENABLE_OBJC_ARC = YES;
				CLANG_WARN_BLOCK_CAPTURE_AUTORELEASING = YES;
				CLANG_WARN_BOOL_CONVERSION = YES;
				CLANG_WARN_COMMA = YES;
				CLANG_WARN_CONSTANT_CONVERSION = YES;
				CLANG_WARN_DIRECT_OBJC_ISA_USAGE = YES_ERROR;
				CLANG_WARN_DOCUMENTATION_COMMENTS = YES;
				CLANG_WARN_EMPTY_BODY = YES;
				CLANG_WARN_ENUM_CONVERSION = YES;
				CLANG_WARN_INFINITE_RECURSION = YES;
				CLANG_WARN_INT_CONVERSION = YES;
				CLANG_WARN_NON_LITERAL_NULL_CONVERSION = YES;
				CLANG_WARN_OBJC_LITERAL_CONVERSION = YES;
				CLANG_WARN_OBJC_ROOT_CLASS = YES_ERROR;
				CLANG_WARN_RANGE_LOOP_ANALYSIS = YES;
				CLANG_WARN_STRICT_PROTOTYPES = YES;
				CLANG_WARN_SUSPICIOUS_MOVE = YES;
				CLANG_WARN_UNGUARDED_AVAILABILITY = YES_AGGRESSIVE;
				CLANG_WARN_UNREACHABLE_CODE = YES;
				CLANG_WARN__DUPLICATE_METHOD_MATCH = YES;
				CODE_SIGN_IDENTITY = "iPhone Developer";
				COPY_PHASE_STRIP = NO;
				DEBUG_INFORMATION_FORMAT = dwarf;
				ENABLE_STRICT_OBJC_MSGSEND = YES;
				ENABLE_TESTABILITY = YES;
				GCC_C_LANGUAGE_STANDARD = gnu11;
				GCC_DYNAMIC_NO_PIC = NO;
				GCC_NO_COMMON_BLOCKS = YES;
				GCC_OPTIMIZATION_LEVEL = 0;
				GCC_PREPROCESSOR_DEFINITIONS = (
					"DEBUG=1",
					"$(inherited)",
				);
				GCC_WARN_64_TO_32_BIT_CONVERSION = YES;
				GCC_WARN_ABOUT_RETURN_TYPE = YES_ERROR;
				GCC_WARN_UNDECLARED_SELECTOR = YES;
				GCC_WARN_UNINITIALIZED_AUTOS = YES_AGGRESSIVE;
				GCC_WARN_UNUSED_FUNCTION = YES;
				GCC_WARN_UNUSED_VARIABLE = YES;
				IPHONEOS_DEPLOYMENT_TARGET = 11.2;
				MTL_ENABLE_DEBUG_INFO = YES;
				ONLY_ACTIVE_ARCH = YES;
				SDKROOT = iphoneos;
				SWIFT_ACTIVE_COMPILATION_CONDITIONS = DEBUG;
				SWIFT_OPTIMIZATION_LEVEL = "-Onone";
			};
			name = Debug;
		};
		A230CF9520303C7B00A0FBF1 /* Release */ = {
			isa = XCBuildConfiguration;
			buildSettings = {
				ALWAYS_SEARCH_USER_PATHS = NO;
				CLANG_ANALYZER_NONNULL = YES;
				CLANG_ANALYZER_NUMBER_OBJECT_CONVERSION = YES_AGGRESSIVE;
				CLANG_CXX_LANGUAGE_STANDARD = "gnu++14";
				CLANG_CXX_LIBRARY = "libc++";
				CLANG_ENABLE_MODULES = YES;
				CLANG_ENABLE_OBJC_ARC = YES;
				CLANG_WARN_BLOCK_CAPTURE_AUTORELEASING = YES;
				CLANG_WARN_BOOL_CONVERSION = YES;
				CLANG_WARN_COMMA = YES;
				CLANG_WARN_CONSTANT_CONVERSION = YES;
				CLANG_WARN_DIRECT_OBJC_ISA_USAGE = YES_ERROR;
				CLANG_WARN_DOCUMENTATION_COMMENTS = YES;
				CLANG_WARN_EMPTY_BODY = YES;
				CLANG_WARN_ENUM_CONVERSION = YES;
				CLANG_WARN_INFINITE_RECURSION = YES;
				CLANG_WARN_INT_CONVERSION = YES;
				CLANG_WARN_NON_LITERAL_NULL_CONVERSION = YES;
				CLANG_WARN_OBJC_LITERAL_CONVERSION = YES;
				CLANG_WARN_OBJC_ROOT_CLASS = YES_ERROR;
				CLANG_WARN_RANGE_LOOP_ANALYSIS = YES;
				CLANG_WARN_STRICT_PROTOTYPES = YES;
				CLANG_WARN_SUSPICIOUS_MOVE = YES;
				CLANG_WARN_UNGUARDED_AVAILABILITY = YES_AGGRESSIVE;
				CLANG_WARN_UNREACHABLE_CODE = YES;
				CLANG_WARN__DUPLICATE_METHOD_MATCH = YES;
				CODE_SIGN_IDENTITY = "iPhone Developer";
				COPY_PHASE_STRIP = NO;
				DEBUG_INFORMATION_FORMAT = "dwarf-with-dsym";
				ENABLE_NS_ASSERTIONS = NO;
				ENABLE_STRICT_OBJC_MSGSEND = YES;
				GCC_C_LANGUAGE_STANDARD = gnu11;
				GCC_NO_COMMON_BLOCKS = YES;
				GCC_WARN_64_TO_32_BIT_CONVERSION = YES;
				GCC_WARN_ABOUT_RETURN_TYPE = YES_ERROR;
				GCC_WARN_UNDECLARED_SELECTOR = YES;
				GCC_WARN_UNINITIALIZED_AUTOS = YES_AGGRESSIVE;
				GCC_WARN_UNUSED_FUNCTION = YES;
				GCC_WARN_UNUSED_VARIABLE = YES;
				IPHONEOS_DEPLOYMENT_TARGET = 11.2;
				MTL_ENABLE_DEBUG_INFO = NO;
				SDKROOT = iphoneos;
				SWIFT_OPTIMIZATION_LEVEL = "-Owholemodule";
				VALIDATE_PRODUCT = YES;
			};
			name = Release;
		};
		A230CF9720303C7B00A0FBF1 /* Debug */ = {
			isa = XCBuildConfiguration;
			buildSettings = {
				ASSETCATALOG_COMPILER_COMPLICATION_NAME = Complication;
				CODE_SIGN_STYLE = Automatic;
				DEVELOPMENT_TEAM = 7987W92JF6;
				INFOPLIST_FILE = "randaamOnWatch WatchKit Extension/Info.plist";
				LD_RUNPATH_SEARCH_PATHS = "$(inherited) @executable_path/Frameworks @executable_path/../../Frameworks";
				PRODUCT_BUNDLE_IDENTIFIER = self.edu.randaamOnWatch.watchkitapp.watchkitextension;
				PRODUCT_NAME = "${TARGET_NAME}";
				SDKROOT = watchos;
				SKIP_INSTALL = YES;
				SWIFT_VERSION = 4.0;
				TARGETED_DEVICE_FAMILY = 4;
				WATCHOS_DEPLOYMENT_TARGET = 4.2;
			};
			name = Debug;
		};
		A230CF9820303C7B00A0FBF1 /* Release */ = {
			isa = XCBuildConfiguration;
			buildSettings = {
				ASSETCATALOG_COMPILER_COMPLICATION_NAME = Complication;
				CODE_SIGN_STYLE = Automatic;
				DEVELOPMENT_TEAM = 7987W92JF6;
				INFOPLIST_FILE = "randaamOnWatch WatchKit Extension/Info.plist";
				LD_RUNPATH_SEARCH_PATHS = "$(inherited) @executable_path/Frameworks @executable_path/../../Frameworks";
				PRODUCT_BUNDLE_IDENTIFIER = self.edu.randaamOnWatch.watchkitapp.watchkitextension;
				PRODUCT_NAME = "${TARGET_NAME}";
				SDKROOT = watchos;
				SKIP_INSTALL = YES;
				SWIFT_VERSION = 4.0;
				TARGETED_DEVICE_FAMILY = 4;
				WATCHOS_DEPLOYMENT_TARGET = 4.2;
			};
			name = Release;
		};
		A230CF9B20303C7B00A0FBF1 /* Debug */ = {
			isa = XCBuildConfiguration;
			buildSettings = {
				ALWAYS_EMBED_SWIFT_STANDARD_LIBRARIES = YES;
				ASSETCATALOG_COMPILER_APPICON_NAME = AppIcon;
				CODE_SIGN_STYLE = Automatic;
				DEVELOPMENT_TEAM = 7987W92JF6;
				IBSC_MODULE = randaamOnWatch_WatchKit_Extension;
				INFOPLIST_FILE = "randaamOnWatch WatchKit App/Info.plist";
				PRODUCT_BUNDLE_IDENTIFIER = self.edu.randaamOnWatch.watchkitapp;
				PRODUCT_NAME = "$(TARGET_NAME)";
				SDKROOT = watchos;
				SKIP_INSTALL = YES;
				SWIFT_VERSION = 4.0;
				TARGETED_DEVICE_FAMILY = 4;
				WATCHOS_DEPLOYMENT_TARGET = 4.2;
			};
			name = Debug;
		};
		A230CF9C20303C7B00A0FBF1 /* Release */ = {
			isa = XCBuildConfiguration;
			buildSettings = {
				ALWAYS_EMBED_SWIFT_STANDARD_LIBRARIES = YES;
				ASSETCATALOG_COMPILER_APPICON_NAME = AppIcon;
				CODE_SIGN_STYLE = Automatic;
				DEVELOPMENT_TEAM = 7987W92JF6;
				IBSC_MODULE = randaamOnWatch_WatchKit_Extension;
				INFOPLIST_FILE = "randaamOnWatch WatchKit App/Info.plist";
				PRODUCT_BUNDLE_IDENTIFIER = self.edu.randaamOnWatch.watchkitapp;
				PRODUCT_NAME = "$(TARGET_NAME)";
				SDKROOT = watchos;
				SKIP_INSTALL = YES;
				SWIFT_VERSION = 4.0;
				TARGETED_DEVICE_FAMILY = 4;
				WATCHOS_DEPLOYMENT_TARGET = 4.2;
			};
			name = Release;
		};
		A230CF9F20303C7B00A0FBF1 /* Debug */ = {
			isa = XCBuildConfiguration;
			buildSettings = {
				ASSETCATALOG_COMPILER_APPICON_NAME = AppIcon;
				CODE_SIGN_STYLE = Automatic;
				DEVELOPMENT_TEAM = 7987W92JF6;
				INFOPLIST_FILE = randaamOnWatch/Info.plist;
				LD_RUNPATH_SEARCH_PATHS = "$(inherited) @executable_path/Frameworks";
				PRODUCT_BUNDLE_IDENTIFIER = self.edu.randaamOnWatch;
				PRODUCT_NAME = "$(TARGET_NAME)";
				SWIFT_VERSION = 4.0;
				TARGETED_DEVICE_FAMILY = "1,2";
			};
			name = Debug;
		};
		A230CFA020303C7B00A0FBF1 /* Release */ = {
			isa = XCBuildConfiguration;
			buildSettings = {
				ASSETCATALOG_COMPILER_APPICON_NAME = AppIcon;
				CODE_SIGN_STYLE = Automatic;
				DEVELOPMENT_TEAM = 7987W92JF6;
				INFOPLIST_FILE = randaamOnWatch/Info.plist;
				LD_RUNPATH_SEARCH_PATHS = "$(inherited) @executable_path/Frameworks";
				PRODUCT_BUNDLE_IDENTIFIER = self.edu.randaamOnWatch;
				PRODUCT_NAME = "$(TARGET_NAME)";
				SWIFT_VERSION = 4.0;
				TARGETED_DEVICE_FAMILY = "1,2";
			};
			name = Release;
		};
/* End XCBuildConfiguration section */

/* Begin XCConfigurationList section */
		A230CF5F20303C7B00A0FBF1 /* Build configuration list for PBXProject "randaamOnWatch" */ = {
			isa = XCConfigurationList;
			buildConfigurations = (
				A230CF9420303C7B00A0FBF1 /* Debug */,
				A230CF9520303C7B00A0FBF1 /* Release */,
			);
			defaultConfigurationIsVisible = 0;
			defaultConfigurationName = Release;
		};
		A230CF9620303C7B00A0FBF1 /* Build configuration list for PBXNativeTarget "randaamOnWatch WatchKit Extension" */ = {
			isa = XCConfigurationList;
			buildConfigurations = (
				A230CF9720303C7B00A0FBF1 /* Debug */,
				A230CF9820303C7B00A0FBF1 /* Release */,
			);
			defaultConfigurationIsVisible = 0;
			defaultConfigurationName = Release;
		};
		A230CF9A20303C7B00A0FBF1 /* Build configuration list for PBXNativeTarget "randaamOnWatch WatchKit App" */ = {
			isa = XCConfigurationList;
			buildConfigurations = (
				A230CF9B20303C7B00A0FBF1 /* Debug */,
				A230CF9C20303C7B00A0FBF1 /* Release */,
			);
			defaultConfigurationIsVisible = 0;
			defaultConfigurationName = Release;
		};
		A230CF9E20303C7B00A0FBF1 /* Build configuration list for PBXNativeTarget "randaamOnWatch" */ = {
			isa = XCConfigurationList;
			buildConfigurations = (
				A230CF9F20303C7B00A0FBF1 /* Debug */,
				A230CFA020303C7B00A0FBF1 /* Release */,
			);
			defaultConfigurationIsVisible = 0;
			defaultConfigurationName = Release;
		};
/* End XCConfigurationList section */
	};
	rootObject = A230CF5C20303C7B00A0FBF1 /* Project object */;
}
